<?xml version="1.0" encoding="utf-8"?>
<Project ToolsVersion="4.0" xmlns="http://schemas.microsoft.com/developer/msbuild/2003">
  <ItemGroup>
    <Filter Include="源文件">
      <UniqueIdentifier>{4FC737F1-C7A5-4376-A066-2A32D752A2FF}</UniqueIdentifier>
      <Extensions>cpp;c;cc;cxx;def;odl;idl;hpj;bat;asm;asmx</Extensions>
    </Filter>
    <Filter Include="头文件">
      <UniqueIdentifier>{93995380-89BD-4b04-88EB-625FBE52EBFB}</UniqueIdentifier>
      <Extensions>h;hh;hpp;hxx;hm;inl;inc;xsd</Extensions>
    </Filter>
    <Filter Include="资源文件">
      <UniqueIdentifier>{67DA6AB6-F800-4c08-8B7A-83BB121AAD01}</UniqueIdentifier>
      <Extensions>rc;ico;cur;bmp;dlg;rc2;rct;bin;rgs;gif;jpg;jpeg;jpe;resx;tiff;tif;png;wav;mfcribbon-ms</Extensions>
    </Filter>
    <Filter Include="源文件\core">
      <UniqueIdentifier>{cc5645b8-8e67-4be6-89f0-fec1b9c0cf0d}</UniqueIdentifier>
    </Filter>
  </ItemGroup>
  <ItemGroup>
    <ClInclude Include="core\Matrix.h">
      <Filter>头文件</Filter>
    </ClInclude>
    <ClInclude Include="core\Vector.h">
      <Filter>头文件</Filter>
    </ClInclude>
    <ClInclude Include="core\Vertex.h">
      <Filter>头文件</Filter>
    </ClInclude>
    <ClInclude Include="core\MathUtil.h">
      <Filter>头文件</Filter>
    </ClInclude>
    <ClInclude Include="core\Type.h">
      <Filter>头文件</Filter>
    </ClInclude>
    <ClInclude Include="core\BitmapLoader.h">
      <Filter>头文件</Filter>
    </ClInclude>
    <ClInclude Include="core\Texture2D.h">
      <Filter>头文件</Filter>
    </ClInclude>
    <ClInclude Include="core\Shader.h">
      <Filter>头文件</Filter>
    </ClInclude>
    <ClInclude Include="core\Device.h">
      <Filter>头文件</Filter>
    </ClInclude>
    <ClInclude Include="core\DeviceContext.h">
      <Filter>头文件</Filter>
    </ClInclude>
    <ClInclude Include="core\TextureShader.h">
      <Filter>头文件</Filter>
    </ClInclude>
    <ClInclude Include="BoxDemo.h">
      <Filter>头文件</Filter>
    </ClInclude>
    <ClInclude Include="WindowWrapper.h">
      <Filter>头文件</Filter>
    </ClInclude>
    <ClInclude Include="App.h">
      <Filter>头文件</Filter>
    </ClInclude>
  </ItemGroup>
  <ItemGroup>
    <ClCompile Include="core\Vector.cpp">
      <Filter>源文件</Filter>
    </ClCompile>
    <ClCompile Include="core\Matrix.cpp">
      <Filter>源文件</Filter>
    </ClCompile>
    <ClCompile Include="core\MathUtil.cpp">
      <Filter>源文件</Filter>
    </ClCompile>
    <ClCompile Include="core\BitmapLoader.cpp">
      <Filter>源文件</Filter>
    </ClCompile>
    <ClCompile Include="core\DeviceContext.cpp">
      <Filter>源文件</Filter>
    </ClCompile>
    <ClCompile Include="core\Light.h">
      <Filter>源文件</Filter>
    </ClCompile>
    <ClCompile Include="main.cpp">
      <Filter>源文件</Filter>
    </ClCompile>
    <ClCompile Include="BoxDemo.cpp">
      <Filter>源文件</Filter>
    </ClCompile>
    <ClCompile Include="WindowWrapper.cpp">
      <Filter>源文件</Filter>
    </ClCompile>
  </ItemGroup>
</Project>